# THIS IS AN AUTOGENERATED FILE. DO NOT EDIT THIS FILE DIRECTLY.
# yarn lockfile v1


vue-router@^3.0.3:
  version "3.0.3"
  resolved "https://registry.npmjs.org/vue-router/-/vue-router-3.0.3.tgz#370ca607475c45a1cfab2d9d2ac846feab1c534c"
  integrity sha512-62rB6GjJuyklnLL+yKST469yCYj93SXEn8rpYjxgLwv0aH/Fd6OApD8Hgi9RlraZ1OOwv3jPQvZTtf1GixYW+g==

vue@^2.6.10:
  version "2.6.10"
  resolved "https://registry.npmjs.org/vue/-/vue-2.6.10.tgz#a72b1a42a4d82a721ea438d1b6bf55e66195c637"
  integrity sha512-ImThpeNU9HbdZL3utgMCq0oiMzAkt1mcgy3/E6zWC/G6AaQoeuFdsl9nDhTDU3X1R6FK7nsIUuRACVcjI+A2GQ==
